
Microsoft Visual Studio Solution File, Format Version 12.00
# Visual Studio Version 17
VisualStudioVersion = 17.7.34018.315
MinimumVisualStudioVersion = 10.0.40219.1
Project("{FAE04EC0-301F-11D3-BF4B-00C04F79EFBC}") = "EfDbFirst", "EfDbFirst\EfDbFirst.csproj", "{98193C5F-8203-43FC-9725-FDE4868E6AF7}"
EndProject
Global
	GlobalSection(SolutionConfigurationPlatforms) = preSolution
		Debug|Any CPU = Debug|Any CPU
		Release|Any CPU = Release|Any CPU
	EndGlobalSection
	GlobalSection(ProjectConfigurationPlatforms) = postSolution
		{98193C5F-8203-43FC-9725-FDE4868E6AF7}.Debug|Any CPU.ActiveCfg = Debug|Any CPU
		{98193C5F-8203-43FC-9725-FDE4868E6AF7}.Debug|Any CPU.Build.0 = Debug|Any CPU
		{98193C5F-8203-43FC-9725-FDE4868E6AF7}.Release|Any CPU.ActiveCfg = Release|Any CPU
		{98193C5F-8203-43FC-9725-FDE4868E6AF7}.Release|Any CPU.Build.0 = Release|Any CPU
	EndGlobalSection
	GlobalSection(SolutionProperties) = preSolution
		HideSolutionNode = FALSE
	EndGlobalSection
	GlobalSection(ExtensibilityGlobals) = postSolution
		SolutionGuid = {F348EC32-8B44-4BF8-BFD2-2E45298662AA}
	EndGlobalSection
EndGlobal
